{
	"name": "plg_system_hyphenateghsvs_slim",
	"version": "2023.10.20",
	"lockfileVersion": 3,
	"requires": true,
	"packages": {
		"": {
			"name": "plg_system_hyphenateghsvs_slim",
			"version": "2023.10.20",
			"license": "GPL-3.0",
			"dependencies": {
				"hyphenopoly": "^5.0.0"
			},
			"devDependencies": {}
		},
		"node_modules/hyphenopoly": {
			"version": "5.2.1",
			"resolved": "https://registry.npmjs.org/hyphenopoly/-/hyphenopoly-5.2.1.tgz",
			"integrity": "sha512-bVDq+QbTqg9LcENRGHrXWTyb2XkUXbYUqQh2vpL5lOa4O+WIieCbptukZQEKIYdlg0V72n43wB3CcVk2jCPd9Q==",
			"engines": {
				"node": ">=16"
			}
		}
	}
}
